
Microsoft Visual Studio Solution File, Format Version 12.00
# Visual Studio Version 16
VisualStudioVersion = 16.0.28729.10
MinimumVisualStudioVersion = 10.0.40219.1
Project("{8BC9CEB8-8B4A-11D0-8D11-00A0C91BC942}") = "GameProject", "GameProject\GameProject.vcxproj", "{AEC6CC9B-3245-4470-844F-19890AD30DA5}"
EndProject
Global
	GlobalSection(SolutionConfigurationPlatforms) = preSolution
		Debug|x64 = Debug|x64
		Debug|x86 = Debug|x86
		Release|x64 = Release|x64
		Release|x86 = Release|x86
	EndGlobalSection
	GlobalSection(ProjectConfigurationPlatforms) = postSolution
		{AEC6CC9B-3245-4470-844F-19890AD30DA5}.Debug|x64.ActiveCfg = Debug|x64
		{AEC6CC9B-3245-4470-844F-19890AD30DA5}.Debug|x64.Build.0 = Debug|x64
		{AEC6CC9B-3245-4470-844F-19890AD30DA5}.Debug|x86.ActiveCfg = Debug|Win32
		{AEC6CC9B-3245-4470-844F-19890AD30DA5}.Debug|x86.Build.0 = Debug|Win32
		{AEC6CC9B-3245-4470-844F-19890AD30DA5}.Release|x64.ActiveCfg = Release|x64
		{AEC6CC9B-3245-4470-844F-19890AD30DA5}.Release|x64.Build.0 = Release|x64
		{AEC6CC9B-3245-4470-844F-19890AD30DA5}.Release|x86.ActiveCfg = Release|Win32
		{AEC6CC9B-3245-4470-844F-19890AD30DA5}.Release|x86.Build.0 = Release|Win32
	EndGlobalSection
	GlobalSection(SolutionProperties) = preSolution
		HideSolutionNode = FALSE
	EndGlobalSection
	GlobalSection(ExtensibilityGlobals) = postSolution
		SolutionGuid = {8922EFC7-5EC2-4175-8C31-52B18A54B70F}
	EndGlobalSection
EndGlobal
