<?xml version="1.0" encoding="utf-8"?>
<Project ToolsVersion="4.0" xmlns="http://schemas.microsoft.com/developer/msbuild/2003">
  <ItemGroup>
    <Filter Include="Header Files">
      <UniqueIdentifier>{93995380-89BD-4b04-88EB-625FBE52EBFB}</UniqueIdentifier>
      <Extensions>h;hh;hpp;hxx;hm;inl;inc;ipp;xsd</Extensions>
    </Filter>
    <Filter Include="Resource Files">
      <UniqueIdentifier>{67DA6AB6-F800-4c08-8B7A-83BB121AAD01}</UniqueIdentifier>
      <Extensions>rc;ico;cur;bmp;dlg;rc2;rct;bin;rgs;gif;jpg;jpeg;jpe;resx;tiff;tif;png;wav;mfcribbon-ms</Extensions>
    </Filter>
    <Filter Include="Utils">
      <UniqueIdentifier>{a889e6de-e7c9-4cfe-b3e6-c204a5444de0}</UniqueIdentifier>
    </Filter>
    <Filter Include="Framework">
      <UniqueIdentifier>{ef67f63b-d490-4ce5-ae66-180a0aa0d118}</UniqueIdentifier>
    </Filter>
    <Filter Include="Resource Files\Sprites">
      <UniqueIdentifier>{e38b8e98-1437-402f-9304-03d6f348723b}</UniqueIdentifier>
    </Filter>
    <Filter Include="Player">
      <UniqueIdentifier>{6d2aa959-194f-46ca-a2e3-58ed981aa08e}</UniqueIdentifier>
    </Filter>
    <Filter Include="Utils\MapReader">
      <UniqueIdentifier>{158bb214-7091-4cf3-9773-40760a60ea99}</UniqueIdentifier>
    </Filter>
    <Filter Include="Scenes">
      <UniqueIdentifier>{032af11c-23c3-4b90-ae13-74647539ee94}</UniqueIdentifier>
    </Filter>
  </ItemGroup>
  <ItemGroup>
    <ClCompile Include="GameException.cpp">
      <Filter>Utils</Filter>
    </ClCompile>
    <ClCompile Include="Window.cpp">
      <Filter>Framework</Filter>
    </ClCompile>
    <ClCompile Include="Game.cpp">
      <Filter>Framework</Filter>
    </ClCompile>
    <ClCompile Include="SceneManager.cpp">
      <Filter>Framework</Filter>
    </ClCompile>
    <ClCompile Include="Timer.cpp">
      <Filter>Framework</Filter>
    </ClCompile>
    <ClCompile Include="Sprite.cpp">
      <Filter>Framework</Filter>
    </ClCompile>
    <ClCompile Include="Animation.cpp">
      <Filter>Framework</Filter>
    </ClCompile>
    <ClCompile Include="Scene.cpp">
      <Filter>Framework</Filter>
    </ClCompile>
    <ClCompile Include="Keyboard.cpp">
      <Filter>Framework</Filter>
    </ClCompile>
    <ClCompile Include="DemoScene.cpp">
      <Filter>Scenes</Filter>
    </ClCompile>
    <ClCompile Include="Entity.cpp">
      <Filter>Framework</Filter>
    </ClCompile>
    <ClCompile Include="Player.cpp">
      <Filter>Player</Filter>
    </ClCompile>
    <ClCompile Include="PlayerState.cpp">
      <Filter>Player</Filter>
    </ClCompile>
    <ClCompile Include="PlayerStandingState.cpp">
      <Filter>Player</Filter>
    </ClCompile>
    <ClCompile Include="WinMain.cpp" />
    <ClCompile Include="PlayerRunningState.cpp">
      <Filter>Player</Filter>
    </ClCompile>
    <ClCompile Include="MapReader\base64.cpp">
      <Filter>Utils\MapReader</Filter>
    </ClCompile>
    <ClCompile Include="MapReader\miniz.c">
      <Filter>Utils\MapReader</Filter>
    </ClCompile>
    <ClCompile Include="MapReader\tinyxml2.cpp">
      <Filter>Utils\MapReader</Filter>
    </ClCompile>
    <ClCompile Include="MapReader\TmxEllipse.cpp">
      <Filter>Utils\MapReader</Filter>
    </ClCompile>
    <ClCompile Include="MapReader\TmxImage.cpp">
      <Filter>Utils\MapReader</Filter>
    </ClCompile>
    <ClCompile Include="MapReader\TmxImageLayer.cpp">
      <Filter>Utils\MapReader</Filter>
    </ClCompile>
    <ClCompile Include="MapReader\TmxLayer.cpp">
      <Filter>Utils\MapReader</Filter>
    </ClCompile>
    <ClCompile Include="MapReader\TmxMap.cpp">
      <Filter>Utils\MapReader</Filter>
    </ClCompile>
    <ClCompile Include="MapReader\TmxObject.cpp">
      <Filter>Utils\MapReader</Filter>
    </ClCompile>
    <ClCompile Include="MapReader\TmxObjectGroup.cpp">
      <Filter>Utils\MapReader</Filter>
    </ClCompile>
    <ClCompile Include="MapReader\TmxPolygon.cpp">
      <Filter>Utils\MapReader</Filter>
    </ClCompile>
    <ClCompile Include="MapReader\TmxPolyline.cpp">
      <Filter>Utils\MapReader</Filter>
    </ClCompile>
    <ClCompile Include="MapReader\TmxPropertySet.cpp">
      <Filter>Utils\MapReader</Filter>
    </ClCompile>
    <ClCompile Include="MapReader\TmxTerrain.cpp">
      <Filter>Utils\MapReader</Filter>
    </ClCompile>
    <ClCompile Include="MapReader\TmxTerrainArray.cpp">
      <Filter>Utils\MapReader</Filter>
    </ClCompile>
    <ClCompile Include="MapReader\TmxTile.cpp">
      <Filter>Utils\MapReader</Filter>
    </ClCompile>
    <ClCompile Include="MapReader\TmxTileLayer.cpp">
      <Filter>Utils\MapReader</Filter>
    </ClCompile>
    <ClCompile Include="MapReader\TmxTileOffset.cpp">
      <Filter>Utils\MapReader</Filter>
    </ClCompile>
    <ClCompile Include="MapReader\TmxTileset.cpp">
      <Filter>Utils\MapReader</Filter>
    </ClCompile>
    <ClCompile Include="MapReader\TmxUtil.cpp">
      <Filter>Utils\MapReader</Filter>
    </ClCompile>
    <ClCompile Include="AnimationScript.h">
      <Filter>Framework</Filter>
    </ClCompile>
    <ClCompile Include="AnimationScript.cpp">
      <Filter>Framework</Filter>
    </ClCompile>
    <ClCompile Include="PlayerJumpingState.cpp">
      <Filter>Player</Filter>
    </ClCompile>
    <ClCompile Include="GameMap.cpp">
      <Filter>Framework</Filter>
    </ClCompile>
    <ClCompile Include="StringUtils.cpp">
      <Filter>Utils</Filter>
    </ClCompile>
    <ClCompile Include="Camera.cpp">
      <Filter>Framework</Filter>
    </ClCompile>
    <ClCompile Include="PlayerFallingState.cpp">
      <Filter>Player</Filter>
    </ClCompile>
    <ClCompile Include="PlayerHighShieldingState.cpp">
      <Filter>Player</Filter>
    </ClCompile>
    <ClCompile Include="PlayerSittingState.cpp">
      <Filter>Player</Filter>
    </ClCompile>
    <ClCompile Include="PlayerPunchingState.cpp">
      <Filter>Player</Filter>
    </ClCompile>
  </ItemGroup>
  <ItemGroup>
    <ClInclude Include="define.h">
      <Filter>Header Files</Filter>
    </ClInclude>
    <ClInclude Include="pch.h">
      <Filter>Header Files</Filter>
    </ClInclude>
    <ClInclude Include="GameException.h">
      <Filter>Utils</Filter>
    </ClInclude>
    <ClInclude Include="ISingleton.h">
      <Filter>Utils</Filter>
    </ClInclude>
    <ClInclude Include="Game.h">
      <Filter>Framework</Filter>
    </ClInclude>
    <ClInclude Include="Window.h">
      <Filter>Framework</Filter>
    </ClInclude>
    <ClInclude Include="SceneManager.h">
      <Filter>Framework</Filter>
    </ClInclude>
    <ClInclude Include="Timer.h">
      <Filter>Framework</Filter>
    </ClInclude>
    <ClInclude Include="Sprite.h">
      <Filter>Framework</Filter>
    </ClInclude>
    <ClInclude Include="Animation.h">
      <Filter>Framework</Filter>
    </ClInclude>
    <ClInclude Include="Keyboard.h">
      <Filter>Framework</Filter>
    </ClInclude>
    <ClInclude Include="Scene.h">
      <Filter>Framework</Filter>
    </ClInclude>
    <ClInclude Include="Entity.h">
      <Filter>Framework</Filter>
    </ClInclude>
    <ClInclude Include="DemoScene.h">
      <Filter>Scenes</Filter>
    </ClInclude>
    <ClInclude Include="Player.h">
      <Filter>Player</Filter>
    </ClInclude>
    <ClInclude Include="PlayerState.h">
      <Filter>Player</Filter>
    </ClInclude>
    <ClInclude Include="PlayerStandingState.h">
      <Filter>Player</Filter>
    </ClInclude>
    <ClInclude Include="PlayerRunningState.h">
      <Filter>Player</Filter>
    </ClInclude>
    <ClInclude Include="MapReader\base64.h">
      <Filter>Utils\MapReader</Filter>
    </ClInclude>
    <ClInclude Include="MapReader\tinyxml2.h">
      <Filter>Utils\MapReader</Filter>
    </ClInclude>
    <ClInclude Include="MapReader\TmxEllipse.h">
      <Filter>Utils\MapReader</Filter>
    </ClInclude>
    <ClInclude Include="MapReader\TmxImage.h">
      <Filter>Utils\MapReader</Filter>
    </ClInclude>
    <ClInclude Include="MapReader\TmxImageLayer.h">
      <Filter>Utils\MapReader</Filter>
    </ClInclude>
    <ClInclude Include="MapReader\TmxLayer.h">
      <Filter>Utils\MapReader</Filter>
    </ClInclude>
    <ClInclude Include="MapReader\TmxMap.h">
      <Filter>Utils\MapReader</Filter>
    </ClInclude>
    <ClInclude Include="MapReader\TmxMapTile.h">
      <Filter>Utils\MapReader</Filter>
    </ClInclude>
    <ClInclude Include="MapReader\TmxObject.h">
      <Filter>Utils\MapReader</Filter>
    </ClInclude>
    <ClInclude Include="MapReader\TmxObjectGroup.h">
      <Filter>Utils\MapReader</Filter>
    </ClInclude>
    <ClInclude Include="MapReader\TmxPoint.h">
      <Filter>Utils\MapReader</Filter>
    </ClInclude>
    <ClInclude Include="MapReader\TmxPolygon.h">
      <Filter>Utils\MapReader</Filter>
    </ClInclude>
    <ClInclude Include="MapReader\TmxPolyline.h">
      <Filter>Utils\MapReader</Filter>
    </ClInclude>
    <ClInclude Include="MapReader\TmxPropertySet.h">
      <Filter>Utils\MapReader</Filter>
    </ClInclude>
    <ClInclude Include="MapReader\TmxTerrain.h">
      <Filter>Utils\MapReader</Filter>
    </ClInclude>
    <ClInclude Include="MapReader\TmxTerrainArray.h">
      <Filter>Utils\MapReader</Filter>
    </ClInclude>
    <ClInclude Include="MapReader\TmxTile.h">
      <Filter>Utils\MapReader</Filter>
    </ClInclude>
    <ClInclude Include="MapReader\TmxTileLayer.h">
      <Filter>Utils\MapReader</Filter>
    </ClInclude>
    <ClInclude Include="MapReader\TmxTileOffset.h">
      <Filter>Utils\MapReader</Filter>
    </ClInclude>
    <ClInclude Include="MapReader\TmxTileset.h">
      <Filter>Utils\MapReader</Filter>
    </ClInclude>
    <ClInclude Include="MapReader\TmxUtil.h">
      <Filter>Utils\MapReader</Filter>
    </ClInclude>
    <ClInclude Include="MapReader\zconf.h">
      <Filter>Utils\MapReader</Filter>
    </ClInclude>
    <ClInclude Include="MapReader\zlib.h">
      <Filter>Utils\MapReader</Filter>
    </ClInclude>
    <ClInclude Include="PlayerJumpingState.h">
      <Filter>Player</Filter>
    </ClInclude>
    <ClInclude Include="GameMap.h">
      <Filter>Framework</Filter>
    </ClInclude>
    <ClInclude Include="StringUtils.h">
      <Filter>Utils</Filter>
    </ClInclude>
    <ClInclude Include="Camera.h">
      <Filter>Framework</Filter>
    </ClInclude>
    <ClInclude Include="PlayerFallingState.h">
      <Filter>Player</Filter>
    </ClInclude>
    <ClInclude Include="PlayerHighShieldingState.h">
      <Filter>Player</Filter>
    </ClInclude>
    <ClInclude Include="PlayerSittingState.h">
      <Filter>Player</Filter>
    </ClInclude>
    <ClInclude Include="PlayerPunchingState.h">
      <Filter>Player</Filter>
    </ClInclude>
  </ItemGroup>
  <ItemGroup>
    <Image Include="Resources\Sprites\Aladdin_swing.png">
      <Filter>Resource Files\Sprites</Filter>
    </Image>
    <Image Include="Resources\Sprites\Aladdin_run.png">
      <Filter>Resource Files\Sprites</Filter>
    </Image>
    <Image Include="Resources\Sprites\Aladdin_normal.png">
      <Filter>Resource Files\Sprites</Filter>
    </Image>
    <Image Include="Resources\Sprites\Aladdin_dead.png">
      <Filter>Resource Files\Sprites</Filter>
    </Image>
  </ItemGroup>
  <ItemGroup>
    <None Include="MapReader\Tmx.h.in">
      <Filter>Utils\MapReader</Filter>
    </None>
  </ItemGroup>
</Project>