<?xml version="1.0" encoding="utf-8"?>
<Project ToolsVersion="4.0" xmlns="http://schemas.microsoft.com/developer/msbuild/2003">
  <ItemGroup>
    <Filter Include="Utils">
      <UniqueIdentifier>{a889e6de-e7c9-4cfe-b3e6-c204a5444de0}</UniqueIdentifier>
    </Filter>
    <Filter Include="Framework">
      <UniqueIdentifier>{ef67f63b-d490-4ce5-ae66-180a0aa0d118}</UniqueIdentifier>
    </Filter>
    <Filter Include="Utils\MapReader">
      <UniqueIdentifier>{158bb214-7091-4cf3-9773-40760a60ea99}</UniqueIdentifier>
    </Filter>
    <Filter Include="Framework\Grid">
      <UniqueIdentifier>{aa944621-47d4-4253-9b10-6184f4d275e5}</UniqueIdentifier>
    </Filter>
    <Filter Include="Framework\Collision">
      <UniqueIdentifier>{6afec771-035d-469d-96e9-d724880f25e3}</UniqueIdentifier>
    </Filter>
    <Filter Include="Entities">
      <UniqueIdentifier>{5c3d3c80-5109-4b45-95c0-39de763428d6}</UniqueIdentifier>
    </Filter>
    <Filter Include="Entities\Player">
      <UniqueIdentifier>{6d2aa959-194f-46ca-a2e3-58ed981aa08e}</UniqueIdentifier>
    </Filter>
    <Filter Include="Entities\Enemies">
      <UniqueIdentifier>{7d1a044d-3c7a-4c49-943d-5ff3886eecc4}</UniqueIdentifier>
    </Filter>
    <Filter Include="Entities\Statics">
      <UniqueIdentifier>{e88de36b-1ab9-484c-a955-d52eb6b85008}</UniqueIdentifier>
    </Filter>
    <Filter Include="Scenes">
      <UniqueIdentifier>{032af11c-23c3-4b90-ae13-74647539ee94}</UniqueIdentifier>
    </Filter>
    <Filter Include="Headers">
      <UniqueIdentifier>{93995380-89BD-4b04-88EB-625FBE52EBFB}</UniqueIdentifier>
      <Extensions>h;hh;hpp;hxx;hm;inl;inc;ipp;xsd</Extensions>
    </Filter>
    <Filter Include="Entities\Player\State">
      <UniqueIdentifier>{c25a6409-f29b-4cd9-a4da-dc166453c552}</UniqueIdentifier>
    </Filter>
    <Filter Include="Entities\Weapon">
      <UniqueIdentifier>{1ff6c670-7b66-4d18-9689-e194e8b0083c}</UniqueIdentifier>
    </Filter>
    <Filter Include="Framework\Sound">
      <UniqueIdentifier>{b62ab0e5-b083-471e-9d2d-bd660eee5244}</UniqueIdentifier>
    </Filter>
    <Filter Include="Entities\Bullet">
      <UniqueIdentifier>{a0ad0acc-5b3e-4ab9-a9cd-00cd6b503a24}</UniqueIdentifier>
    </Filter>
  </ItemGroup>
  <ItemGroup>
    <ClCompile Include="GameException.cpp">
      <Filter>Utils</Filter>
    </ClCompile>
    <ClCompile Include="Window.cpp">
      <Filter>Framework</Filter>
    </ClCompile>
    <ClCompile Include="Game.cpp">
      <Filter>Framework</Filter>
    </ClCompile>
    <ClCompile Include="SceneManager.cpp">
      <Filter>Framework</Filter>
    </ClCompile>
    <ClCompile Include="Timer.cpp">
      <Filter>Framework</Filter>
    </ClCompile>
    <ClCompile Include="Sprite.cpp">
      <Filter>Framework</Filter>
    </ClCompile>
    <ClCompile Include="Animation.cpp">
      <Filter>Framework</Filter>
    </ClCompile>
    <ClCompile Include="Keyboard.cpp">
      <Filter>Framework</Filter>
    </ClCompile>
    <ClCompile Include="DemoScene.cpp">
      <Filter>Scenes</Filter>
    </ClCompile>
    <ClCompile Include="Player.cpp">
      <Filter>Entities\Player</Filter>
    </ClCompile>
    <ClCompile Include="WinMain.cpp" />
    <ClCompile Include="MapReader\tinyxml2.cpp">
      <Filter>Utils\MapReader</Filter>
    </ClCompile>
    <ClCompile Include="AnimationScript.h">
      <Filter>Framework</Filter>
    </ClCompile>
    <ClCompile Include="AnimationScript.cpp">
      <Filter>Framework</Filter>
    </ClCompile>
    <ClCompile Include="GameMap.cpp">
      <Filter>Framework</Filter>
    </ClCompile>
    <ClCompile Include="StringUtils.cpp">
      <Filter>Utils</Filter>
    </ClCompile>
    <ClCompile Include="Camera.cpp">
      <Filter>Framework</Filter>
    </ClCompile>
    <ClCompile Include="GunEnemy.cpp">
      <Filter>Entities\Enemies</Filter>
    </ClCompile>
    <ClCompile Include="MissileEnemy.cpp">
      <Filter>Entities\Enemies</Filter>
    </ClCompile>
    <ClCompile Include="RunEnemy.cpp">
      <Filter>Entities\Enemies</Filter>
    </ClCompile>
    <ClCompile Include="FlyEnemy.cpp">
      <Filter>Entities\Enemies</Filter>
    </ClCompile>
    <ClCompile Include="Bat.cpp">
      <Filter>Entities\Enemies</Filter>
    </ClCompile>
    <ClCompile Include="GunStock.cpp">
      <Filter>Entities\Enemies</Filter>
    </ClCompile>
    <ClCompile Include="Grid.cpp">
      <Filter>Framework\Grid</Filter>
    </ClCompile>
    <ClCompile Include="GridNode.cpp">
      <Filter>Framework\Grid</Filter>
    </ClCompile>
    <ClCompile Include="Enemy.cpp">
      <Filter>Entities\Enemies</Filter>
    </ClCompile>
    <ClCompile Include="CollisionEvent.cpp">
      <Filter>Framework\Collision</Filter>
    </ClCompile>
    <ClCompile Include="Entity.cpp">
      <Filter>Entities</Filter>
    </ClCompile>
    <ClCompile Include="Ground.cpp">
      <Filter>Entities\Statics</Filter>
    </ClCompile>
    <ClCompile Include="Scene.cpp">
      <Filter>Scenes</Filter>
    </ClCompile>
    <ClCompile Include="PlayerClingState.cpp">
      <Filter>Entities\Player\State</Filter>
    </ClCompile>
    <ClCompile Include="PlayerFallingState.cpp">
      <Filter>Entities\Player\State</Filter>
    </ClCompile>
    <ClCompile Include="PlayerHighShieldingState.cpp">
      <Filter>Entities\Player\State</Filter>
    </ClCompile>
    <ClCompile Include="PlayerInvincibleStandState.cpp">
      <Filter>Entities\Player\State</Filter>
    </ClCompile>
    <ClCompile Include="PlayerJumpingState.cpp">
      <Filter>Entities\Player\State</Filter>
    </ClCompile>
    <ClCompile Include="PlayerKickingState.cpp">
      <Filter>Entities\Player\State</Filter>
    </ClCompile>
    <ClCompile Include="PlayerLowPunchingState.cpp">
      <Filter>Entities\Player\State</Filter>
    </ClCompile>
    <ClCompile Include="PlayerPunchingState.cpp">
      <Filter>Entities\Player\State</Filter>
    </ClCompile>
    <ClCompile Include="PlayerRunningState.cpp">
      <Filter>Entities\Player\State</Filter>
    </ClCompile>
    <ClCompile Include="PlayerSittingOnShieldState.cpp">
      <Filter>Entities\Player\State</Filter>
    </ClCompile>
    <ClCompile Include="PlayerSittingState.cpp">
      <Filter>Entities\Player\State</Filter>
    </ClCompile>
    <ClCompile Include="PlayerStandingState.cpp">
      <Filter>Entities\Player\State</Filter>
    </ClCompile>
    <ClCompile Include="PlayerState.cpp">
      <Filter>Entities\Player\State</Filter>
    </ClCompile>
    <ClCompile Include="PlayerSurfingState.cpp">
      <Filter>Entities\Player\State</Filter>
    </ClCompile>
    <ClCompile Include="PlayerSwimmingState.cpp">
      <Filter>Entities\Player\State</Filter>
    </ClCompile>
    <ClCompile Include="PlayerTakeDamageState.cpp">
      <Filter>Entities\Player\State</Filter>
    </ClCompile>
    <ClCompile Include="PlayerTakeDownState.cpp">
      <Filter>Entities\Player\State</Filter>
    </ClCompile>
    <ClCompile Include="PlayerThrowingShieldState.cpp">
      <Filter>Entities\Player\State</Filter>
    </ClCompile>
    <ClCompile Include="Weapon.cpp">
      <Filter>Entities\Weapon</Filter>
    </ClCompile>
    <ClCompile Include="Shield.cpp">
      <Filter>Entities\Weapon</Filter>
    </ClCompile>
    <ClCompile Include="ExtraDrawer.cpp" />
    <ClCompile Include="dsutil.cpp">
      <Filter>Framework\Sound</Filter>
    </ClCompile>
    <ClCompile Include="dxutil.cpp">
      <Filter>Framework\Sound</Filter>
    </ClCompile>
    <ClCompile Include="SoundManager.cpp">
      <Filter>Framework\Sound</Filter>
    </ClCompile>
    <ClCompile Include="PlayerHighJumpState.cpp">
      <Filter>Entities\Player\State</Filter>
    </ClCompile>
    <ClCompile Include="Bullet.cpp">
      <Filter>Entities\Bullet</Filter>
    </ClCompile>
  </ItemGroup>
  <ItemGroup>
    <ClInclude Include="define.h">
      <Filter>Headers</Filter>
    </ClInclude>
    <ClInclude Include="pch.h">
      <Filter>Headers</Filter>
    </ClInclude>
    <ClInclude Include="GameException.h">
      <Filter>Utils</Filter>
    </ClInclude>
    <ClInclude Include="ISingleton.h">
      <Filter>Utils</Filter>
    </ClInclude>
    <ClInclude Include="Game.h">
      <Filter>Framework</Filter>
    </ClInclude>
    <ClInclude Include="Window.h">
      <Filter>Framework</Filter>
    </ClInclude>
    <ClInclude Include="SceneManager.h">
      <Filter>Framework</Filter>
    </ClInclude>
    <ClInclude Include="Timer.h">
      <Filter>Framework</Filter>
    </ClInclude>
    <ClInclude Include="Sprite.h">
      <Filter>Framework</Filter>
    </ClInclude>
    <ClInclude Include="Animation.h">
      <Filter>Framework</Filter>
    </ClInclude>
    <ClInclude Include="Keyboard.h">
      <Filter>Framework</Filter>
    </ClInclude>
    <ClInclude Include="DemoScene.h">
      <Filter>Scenes</Filter>
    </ClInclude>
    <ClInclude Include="Player.h">
      <Filter>Entities\Player</Filter>
    </ClInclude>
    <ClInclude Include="MapReader\tinyxml2.h">
      <Filter>Utils\MapReader</Filter>
    </ClInclude>
    <ClInclude Include="GameMap.h">
      <Filter>Framework</Filter>
    </ClInclude>
    <ClInclude Include="StringUtils.h">
      <Filter>Utils</Filter>
    </ClInclude>
    <ClInclude Include="Camera.h">
      <Filter>Framework</Filter>
    </ClInclude>
    <ClInclude Include="GunEnemy.h">
      <Filter>Entities\Enemies</Filter>
    </ClInclude>
    <ClInclude Include="MissileEnemy.h">
      <Filter>Entities\Enemies</Filter>
    </ClInclude>
    <ClInclude Include="RunEnemy.h">
      <Filter>Entities\Enemies</Filter>
    </ClInclude>
    <ClInclude Include="FlyEnemy.h">
      <Filter>Entities\Enemies</Filter>
    </ClInclude>
    <ClInclude Include="Bat.h">
      <Filter>Entities\Enemies</Filter>
    </ClInclude>
    <ClInclude Include="GunStock.h">
      <Filter>Entities\Enemies</Filter>
    </ClInclude>
    <ClInclude Include="Grid.h">
      <Filter>Framework\Grid</Filter>
    </ClInclude>
    <ClInclude Include="GridNode.h">
      <Filter>Framework\Grid</Filter>
    </ClInclude>
    <ClInclude Include="Enemy.h">
      <Filter>Entities\Enemies</Filter>
    </ClInclude>
    <ClInclude Include="CollisionEvent.h">
      <Filter>Framework\Collision</Filter>
    </ClInclude>
    <ClInclude Include="Entity.h">
      <Filter>Entities</Filter>
    </ClInclude>
    <ClInclude Include="Ground.h">
      <Filter>Entities\Statics</Filter>
    </ClInclude>
    <ClInclude Include="Scene.h">
      <Filter>Scenes</Filter>
    </ClInclude>
    <ClInclude Include="PlayerClingState.h">
      <Filter>Entities\Player\State</Filter>
    </ClInclude>
    <ClInclude Include="PlayerFallingState.h">
      <Filter>Entities\Player\State</Filter>
    </ClInclude>
    <ClInclude Include="PlayerHighJumpState.h">
      <Filter>Entities\Player\State</Filter>
    </ClInclude>
    <ClInclude Include="PlayerHighShieldingState.h">
      <Filter>Entities\Player\State</Filter>
    </ClInclude>
    <ClInclude Include="PlayerInvincibleStandState.h">
      <Filter>Entities\Player\State</Filter>
    </ClInclude>
    <ClInclude Include="PlayerJumpingState.h">
      <Filter>Entities\Player\State</Filter>
    </ClInclude>
    <ClInclude Include="PlayerKickingState.h">
      <Filter>Entities\Player\State</Filter>
    </ClInclude>
    <ClInclude Include="PlayerLowPunchingState.h">
      <Filter>Entities\Player\State</Filter>
    </ClInclude>
    <ClInclude Include="PlayerPunchingState.h">
      <Filter>Entities\Player\State</Filter>
    </ClInclude>
    <ClInclude Include="PlayerRunningState.h">
      <Filter>Entities\Player\State</Filter>
    </ClInclude>
    <ClInclude Include="PlayerSittingOnShieldState.h">
      <Filter>Entities\Player\State</Filter>
    </ClInclude>
    <ClInclude Include="PlayerSittingState.h">
      <Filter>Entities\Player\State</Filter>
    </ClInclude>
    <ClInclude Include="PlayerStandingState.h">
      <Filter>Entities\Player\State</Filter>
    </ClInclude>
    <ClInclude Include="PlayerState.h">
      <Filter>Entities\Player\State</Filter>
    </ClInclude>
    <ClInclude Include="PlayerSurfingState.h">
      <Filter>Entities\Player\State</Filter>
    </ClInclude>
    <ClInclude Include="PlayerSwimmingState.h">
      <Filter>Entities\Player\State</Filter>
    </ClInclude>
    <ClInclude Include="PlayerTakeDamageState.h">
      <Filter>Entities\Player\State</Filter>
    </ClInclude>
    <ClInclude Include="PlayerTakeDownState.h">
      <Filter>Entities\Player\State</Filter>
    </ClInclude>
    <ClInclude Include="PlayerThrowingShieldState.h">
      <Filter>Entities\Player\State</Filter>
    </ClInclude>
    <ClInclude Include="Weapon.h">
      <Filter>Entities\Weapon</Filter>
    </ClInclude>
    <ClInclude Include="Shield.h">
      <Filter>Entities\Weapon</Filter>
    </ClInclude>
    <ClInclude Include="ExtraDrawer.h">
      <Filter>Framework</Filter>
    </ClInclude>
    <ClInclude Include="dsutil.h">
      <Filter>Framework\Sound</Filter>
    </ClInclude>
    <ClInclude Include="dxutil.h">
      <Filter>Framework\Sound</Filter>
    </ClInclude>
    <ClInclude Include="SoundManager.h">
      <Filter>Framework\Sound</Filter>
    </ClInclude>
    <ClInclude Include="Bullet.h">
      <Filter>Entities\Bullet</Filter>
    </ClInclude>
  </ItemGroup>
</Project>